// !$*UTF8*$!
{
	archiveVersion = 1;
	classes = {
	};
	objectVersion = 46;
	objects = {

/* Begin PBXBuildFile section */
		C0F0F6FB1D745B5200265AED /* main.m in Sources */ = {isa = PBXBuildFile; fileRef = C0F0F6FA1D745B5200265AED /* main.m */; };
		C0F0F6FE1D745B5200265AED /* AppDelegate.m in Sources */ = {isa = PBXBuildFile; fileRef = C0F0F6FD1D745B5200265AED /* AppDelegate.m */; };
		C0F0F7011D745B5200265AED /* ViewController.m in Sources */ = {isa = PBXBuildFile; fileRef = C0F0F7001D745B5200265AED /* ViewController.m */; };
		C0F0F7041D745B5200265AED /* Main.storyboard in Resources */ = {isa = PBXBuildFile; fileRef = C0F0F7021D745B5200265AED /* Main.storyboard */; };
		C0F0F7061D745B5200265AED /* Assets.xcassets in Resources */ = {isa = PBXBuildFile; fileRef = C0F0F7051D745B5200265AED /* Assets.xcassets */; };
		C0F0F7091D745B5200265AED /* LaunchScreen.storyboard in Resources */ = {isa = PBXBuildFile; fileRef = C0F0F7071D745B5200265AED /* LaunchScreen.storyboard */; };
/* End PBXBuildFile section */

/* Begin PBXFileReference section */
		C0F0F6F61D745B5200265AED /* MemoryLeaks.app */ = {isa = PBXFileReference; explicitFileType = wrapper.application; includeInIndex = 0; path = MemoryLeaks.app; sourceTree = BUILT_PRODUCTS_DIR; };
		C0F0F6FA1D745B5200265AED /* main.m */ = {isa = PBXFileReference; lastKnownFileType = sourcecode.c.objc; path = main.m; sourceTree = "<group>"; };
		C0F0F6FC1D745B5200265AED /* AppDelegate.h */ = {isa = PBXFileReference; lastKnownFileType = sourcecode.c.h; path = AppDelegate.h; sourceTree = "<group>"; };
		C0F0F6FD1D745B5200265AED /* AppDelegate.m */ = {isa = PBXFileReference; lastKnownFileType = sourcecode.c.objc; path = AppDelegate.m; sourceTree = "<group>"; };
		C0F0F6FF1D745B5200265AED /* ViewController.h */ = {isa = PBXFileReference; lastKnownFileType = sourcecode.c.h; path = ViewController.h; sourceTree = "<group>"; };
		C0F0F7001D745B5200265AED /* ViewController.m */ = {isa = PBXFileReference; lastKnownFileType = sourcecode.c.objc; path = ViewController.m; sourceTree = "<group>"; };
		C0F0F7031D745B5200265AED /* Base */ = {isa = PBXFileReference; lastKnownFileType = file.storyboard; name = Base; path = Base.lproj/Main.storyboard; sourceTree = "<group>"; };
		C0F0F7051D745B5200265AED /* Assets.xcassets */ = {isa = PBXFileReference; lastKnownFileType = folder.assetcatalog; path = Assets.xcassets; sourceTree = "<group>"; };
		C0F0F7081D745B5200265AED /* Base */ = {isa = PBXFileReference; lastKnownFileType = file.storyboard; name = Base; path = Base.lproj/LaunchScreen.storyboard; sourceTree = "<group>"; };
		C0F0F70A1D745B5200265AED /* Info.plist */ = {isa = PBXFileReference; lastKnownFileType = text.plist.xml; path = Info.plist; sourceTree = "<group>"; };
/* End PBXFileReference section */

/* Begin PBXFrameworksBuildPhase section */
		C0F0F6F31D745B5200265AED /* Frameworks */ = {
			isa = PBXFrameworksBuildPhase;
			buildActionMask = 2147483647;
			files = (
			);
			runOnlyForDeploymentPostprocessing = 0;
		};
/* End PBXFrameworksBuildPhase section */

/* Begin PBXGroup section */
		C0F0F6ED1D745B5200265AED = {
			isa = PBXGroup;
			children = (
				C0F0F6F81D745B5200265AED /* MemoryLeaks */,
				C0F0F6F71D745B5200265AED /* Products */,
			);
			sourceTree = "<group>";
		};
		C0F0F6F71D745B5200265AED /* Products */ = {
			isa = PBXGroup;
			children = (
				C0F0F6F61D745B5200265AED /* MemoryLeaks.app */,
			);
			name = Products;
			sourceTree = "<group>";
		};
		C0F0F6F81D745B5200265AED /* MemoryLeaks */ = {
			isa = PBXGroup;
			children = (
				C0F0F6FC1D745B5200265AED /* AppDelegate.h */,
				C0F0F6FD1D745B5200265AED /* AppDelegate.m */,
				C0F0F6FF1D745B5200265AED /* ViewController.h */,
				C0F0F7001D745B5200265AED /* ViewController.m */,
				C0F0F7021D745B5200265AED /* Main.storyboard */,
				C0F0F7051D745B5200265AED /* Assets.xcassets */,
				C0F0F7071D745B5200265AED /* LaunchScreen.storyboard */,
				C0F0F70A1D745B5200265AED /* Info.plist */,
				C0F0F6F91D745B5200265AED /* Supporting Files */,
			);
			path = MemoryLeaks;
			sourceTree = "<group>";
		};
		C0F0F6F91D745B5200265AED /* Supporting Files */ = {
			isa = PBXGroup;
			children = (
				C0F0F6FA1D745B5200265AED /* main.m */,
			);
			name = "Supporting Files";
			sourceTree = "<group>";
		};
/* End PBXGroup section */

/* Begin PBXNativeTarget section */
		C0F0F6F51D745B5200265AED /* MemoryLeaks */ = {
			isa = PBXNativeTarget;
			buildConfigurationList = C0F0F70D1D745B5200265AED /* Build configuration list for PBXNativeTarget "MemoryLeaks" */;
			buildPhases = (
				C0F0F6F21D745B5200265AED /* Sources */,
				C0F0F6F31D745B5200265AED /* Frameworks */,
				C0F0F6F41D745B5200265AED /* Resources */,
			);
			buildRules = (
			);
			dependencies = (
			);
			name = MemoryLeaks;
			productName = MemoryLeaks;
			productReference = C0F0F6F61D745B5200265AED /* MemoryLeaks.app */;
			productType = "com.apple.product-type.application";
		};
/* End PBXNativeTarget section */

/* Begin PBXProject section */
		C0F0F6EE1D745B5200265AED /* Project object */ = {
			isa = PBXProject;
			attributes = {
				LastUpgradeCheck = 0730;
				ORGANIZATIONNAME = LeafTeam;
				TargetAttributes = {
					C0F0F6F51D745B5200265AED = {
						CreatedOnToolsVersion = 7.3.1;
					};
				};
			};
			buildConfigurationList = C0F0F6F11D745B5200265AED /* Build configuration list for PBXProject "MemoryLeaks" */;
			compatibilityVersion = "Xcode 3.2";
			developmentRegion = English;
			hasScannedForEncodings = 0;
			knownRegions = (
				en,
				Base,
			);
			mainGroup = C0F0F6ED1D745B5200265AED;
			productRefGroup = C0F0F6F71D745B5200265AED /* Products */;
			projectDirPath = "";
			projectRoot = "";
			targets = (
				C0F0F6F51D745B5200265AED /* MemoryLeaks */,
			);
		};
/* End PBXProject section */

/* Begin PBXResourcesBuildPhase section */
		C0F0F6F41D745B5200265AED /* Resources */ = {
			isa = PBXResourcesBuildPhase;
			buildActionMask = 2147483647;
			files = (
				C0F0F7091D745B5200265AED /* LaunchScreen.storyboard in Resources */,
				C0F0F7061D745B5200265AED /* Assets.xcassets in Resources */,
				C0F0F7041D745B5200265AED /* Main.storyboard in Resources */,
			);
			runOnlyForDeploymentPostprocessing = 0;
		};
/* End PBXResourcesBuildPhase section */

/* Begin PBXSourcesBuildPhase section */
		C0F0F6F21D745B5200265AED /* Sources */ = {
			isa = PBXSourcesBuildPhase;
			buildActionMask = 2147483647;
			files = (
				C0F0F7011D745B5200265AED /* ViewController.m in Sources */,
				C0F0F6FE1D745B5200265AED /* AppDelegate.m in Sources */,
				C0F0F6FB1D745B5200265AED /* main.m in Sources */,
			);
			runOnlyForDeploymentPostprocessing = 0;
		};
/* End PBXSourcesBuildPhase section */

/* Begin PBXVariantGroup section */
		C0F0F7021D745B5200265AED /* Main.storyboard */ = {
			isa = PBXVariantGroup;
			children = (
				C0F0F7031D745B5200265AED /* Base */,
			);
			name = Main.storyboard;
			sourceTree = "<group>";
		};
		C0F0F7071D745B5200265AED /* LaunchScreen.storyboard */ = {
			isa = PBXVariantGroup;
			children = (
				C0F0F7081D745B5200265AED /* Base */,
			);
			name = LaunchScreen.storyboard;
			sourceTree = "<group>";
		};
/* End PBXVariantGroup section */

/* Begin XCBuildConfiguration section */
		C0F0F70B1D745B5200265AED /* Debug */ = {
			isa = XCBuildConfiguration;
			buildSettings = {
				ALWAYS_SEARCH_USER_PATHS = NO;
				CLANG_ANALYZER_NONNULL = YES;
				CLANG_CXX_LANGUAGE_STANDARD = "gnu++0x";
				CLANG_CXX_LIBRARY = "libc++";
				CLANG_ENABLE_MODULES = YES;
				CLANG_ENABLE_OBJC_ARC = YES;
				CLANG_WARN_BOOL_CONVERSION = YES;
				CLANG_WARN_CONSTANT_CONVERSION = YES;
				CLANG_WARN_DIRECT_OBJC_ISA_USAGE = YES_ERROR;
				CLANG_WARN_EMPTY_BODY = YES;
				CLANG_WARN_ENUM_CONVERSION = YES;
				CLANG_WARN_INT_CONVERSION = YES;
				CLANG_WARN_OBJC_ROOT_CLASS = YES_ERROR;
				CLANG_WARN_UNREACHABLE_CODE = YES;
				CLANG_WARN__DUPLICATE_METHOD_MATCH = YES;
				"CODE_SIGN_IDENTITY[sdk=iphoneos*]" = "iPhone Developer";
				COPY_PHASE_STRIP = NO;
				DEBUG_INFORMATION_FORMAT = dwarf;
				ENABLE_STRICT_OBJC_MSGSEND = YES;
				ENABLE_TESTABILITY = YES;
				GCC_C_LANGUAGE_STANDARD = gnu99;
				GCC_DYNAMIC_NO_PIC = NO;
				GCC_NO_COMMON_BLOCKS = YES;
				GCC_OPTIMIZATION_LEVEL = 0;
				GCC_PREPROCESSOR_DEFINITIONS = (
					"DEBUG=1",
					"$(inherited)",
				);
				GCC_WARN_64_TO_32_BIT_CONVERSION = YES;
				GCC_WARN_ABOUT_RETURN_TYPE = YES_ERROR;
				GCC_WARN_UNDECLARED_SELECTOR = YES;
				GCC_WARN_UNINITIALIZED_AUTOS = YES_AGGRESSIVE;
				GCC_WARN_UNUSED_FUNCTION = YES;
				GCC_WARN_UNUSED_VARIABLE = YES;
				IPHONEOS_DEPLOYMENT_TARGET = 9.3;
				MTL_ENABLE_DEBUG_INFO = YES;
				ONLY_ACTIVE_ARCH = YES;
				SDKROOT = iphoneos;
				TARGETED_DEVICE_FAMILY = "1,2";
			};
			name = Debug;
		};
		C0F0F70C1D745B5200265AED /* Release */ = {
			isa = XCBuildConfiguration;
			buildSettings = {
				ALWAYS_SEARCH_USER_PATHS = NO;
				CLANG_ANALYZER_NONNULL = YES;
				CLANG_CXX_LANGUAGE_STANDARD = "gnu++0x";
				CLANG_CXX_LIBRARY = "libc++";
				CLANG_ENABLE_MODULES = YES;
				CLANG_ENABLE_OBJC_ARC = YES;
				CLANG_WARN_BOOL_CONVERSION = YES;
				CLANG_WARN_CONSTANT_CONVERSION = YES;
				CLANG_WARN_DIRECT_OBJC_ISA_USAGE = YES_ERROR;
				CLANG_WARN_EMPTY_BODY = YES;
				CLANG_WARN_ENUM_CONVERSION = YES;
				CLANG_WARN_INT_CONVERSION = YES;
				CLANG_WARN_OBJC_ROOT_CLASS = YES_ERROR;
				CLANG_WARN_UNREACHABLE_CODE = YES;
				CLANG_WARN__DUPLICATE_METHOD_MATCH = YES;
				"CODE_SIGN_IDENTITY[sdk=iphoneos*]" = "iPhone Developer";
				COPY_PHASE_STRIP = NO;
				DEBUG_INFORMATION_FORMAT = "dwarf-with-dsym";
				ENABLE_NS_ASSERTIONS = NO;
				ENABLE_STRICT_OBJC_MSGSEND = YES;
				GCC_C_LANGUAGE_STANDARD = gnu99;
				GCC_NO_COMMON_BLOCKS = YES;
				GCC_WARN_64_TO_32_BIT_CONVERSION = YES;
				GCC_WARN_ABOUT_RETURN_TYPE = YES_ERROR;
				GCC_WARN_UNDECLARED_SELECTOR = YES;
				GCC_WARN_UNINITIALIZED_AUTOS = YES_AGGRESSIVE;
				GCC_WARN_UNUSED_FUNCTION = YES;
				GCC_WARN_UNUSED_VARIABLE = YES;
				IPHONEOS_DEPLOYMENT_TARGET = 9.3;
				MTL_ENABLE_DEBUG_INFO = NO;
				SDKROOT = iphoneos;
				TARGETED_DEVICE_FAMILY = "1,2";
				VALIDATE_PRODUCT = YES;
			};
			name = Release;
		};
		C0F0F70E1D745B5200265AED /* Debug */ = {
			isa = XCBuildConfiguration;
			buildSettings = {
				ASSETCATALOG_COMPILER_APPICON_NAME = AppIcon;
				INFOPLIST_FILE = MemoryLeaks/Info.plist;
				LD_RUNPATH_SEARCH_PATHS = "$(inherited) @executable_path/Frameworks";
				PRODUCT_BUNDLE_IDENTIFIER = com.LeafTeam.MemoryLeaks;
				PRODUCT_NAME = "$(TARGET_NAME)";
			};
			name = Debug;
		};
		C0F0F70F1D745B5200265AED /* Release */ = {
			isa = XCBuildConfiguration;
			buildSettings = {
				ASSETCATALOG_COMPILER_APPICON_NAME = AppIcon;
				INFOPLIST_FILE = MemoryLeaks/Info.plist;
				LD_RUNPATH_SEARCH_PATHS = "$(inherited) @executable_path/Frameworks";
				PRODUCT_BUNDLE_IDENTIFIER = com.LeafTeam.MemoryLeaks;
				PRODUCT_NAME = "$(TARGET_NAME)";
			};
			name = Release;
		};
/* End XCBuildConfiguration section */

/* Begin XCConfigurationList section */
		C0F0F6F11D745B5200265AED /* Build configuration list for PBXProject "MemoryLeaks" */ = {
			isa = XCConfigurationList;
			buildConfigurations = (
				C0F0F70B1D745B5200265AED /* Debug */,
				C0F0F70C1D745B5200265AED /* Release */,
			);
			defaultConfigurationIsVisible = 0;
			defaultConfigurationName = Release;
		};
		C0F0F70D1D745B5200265AED /* Build configuration list for PBXNativeTarget "MemoryLeaks" */ = {
			isa = XCConfigurationList;
			buildConfigurations = (
				C0F0F70E1D745B5200265AED /* Debug */,
				C0F0F70F1D745B5200265AED /* Release */,
			);
			defaultConfigurationIsVisible = 0;
		};
/* End XCConfigurationList section */
	};
	rootObject = C0F0F6EE1D745B5200265AED /* Project object */;
}
